
Microsoft Visual Studio Solution File, Format Version 12.00
# Visual Studio Version 17
VisualStudioVersion = 17.0.31903.59
MinimumVisualStudioVersion = 10.0.40219.1

Project("{FAE04EC0-301F-11D3-BF4B-00C04F79EFBC}") = "TransactionsBenchmark", "TransactionsBenchmark\TransactionsBenchmark.csproj", "{37A0129C-BCE6-4861-8C4A-BD525168EF3E}"
EndProject
Global
	GlobalSection(SolutionConfigurationPlatforms) = preSolution
		Debug|Any CPU = Debug|Any CPU
		Release|Any CPU = Release|Any CPU
	EndGlobalSection
	GlobalSection(SolutionProperties) = preSolution
		HideSolutionNode = FALSE
	EndGlobalSection
	GlobalSection(ProjectConfigurationPlatforms) = postSolution
		{5122ADE5-2806-4E41-B12E-8563FF76D427}.Debug|Any CPU.ActiveCfg = Debug|Any CPU
		{5122ADE5-2806-4E41-B12E-8563FF76D427}.Debug|Any CPU.Build.0 = Debug|Any CPU
		{5122ADE5-2806-4E41-B12E-8563FF76D427}.Release|Any CPU.ActiveCfg = Release|Any CPU
		{5122ADE5-2806-4E41-B12E-8563FF76D427}.Release|Any CPU.Build.0 = Release|Any CPU
		{6BF4A319-60CE-4B37-B2F1-42F00ABFD99C}.Debug|Any CPU.ActiveCfg = Debug|Any CPU
		{6BF4A319-60CE-4B37-B2F1-42F00ABFD99C}.Debug|Any CPU.Build.0 = Debug|Any CPU
		{6BF4A319-60CE-4B37-B2F1-42F00ABFD99C}.Release|Any CPU.ActiveCfg = Release|Any CPU
		{6BF4A319-60CE-4B37-B2F1-42F00ABFD99C}.Release|Any CPU.Build.0 = Release|Any CPU
		{37A0129C-BCE6-4861-8C4A-BD525168EF3E}.Debug|Any CPU.ActiveCfg = Debug|Any CPU
		{37A0129C-BCE6-4861-8C4A-BD525168EF3E}.Debug|Any CPU.Build.0 = Debug|Any CPU
		{37A0129C-BCE6-4861-8C4A-BD525168EF3E}.Release|Any CPU.ActiveCfg = Release|Any CPU
		{37A0129C-BCE6-4861-8C4A-BD525168EF3E}.Release|Any CPU.Build.0 = Release|Any CPU
	EndGlobalSection
EndGlobal
